
Microsoft Visual Studio Solution File, Format Version 12.00
# Visual Studio 2015
Project("{FAE04EC0-301F-11D3-BF4B-00C04F79EFBC}") = "306_project2.CSharp", "306_project2.CSharp.csproj", "{34A7C27C-4AD7-FFB8-050E-0A70243EE195}"
EndProject
Global
	GlobalSection(SolutionConfigurationPlatforms) = preSolution
		Debug|Any CPU = Debug|Any CPU
		Release|Any CPU = Release|Any CPU
	EndGlobalSection
	GlobalSection(ProjectConfigurationPlatforms) = postSolution
		{34A7C27C-4AD7-FFB8-050E-0A70243EE195}.Debug|Any CPU.ActiveCfg = Debug|Any CPU
		{34A7C27C-4AD7-FFB8-050E-0A70243EE195}.Debug|Any CPU.Build.0 = Debug|Any CPU
		{34A7C27C-4AD7-FFB8-050E-0A70243EE195}.Release|Any CPU.ActiveCfg = Release|Any CPU
		{34A7C27C-4AD7-FFB8-050E-0A70243EE195}.Release|Any CPU.Build.0 = Release|Any CPU
	EndGlobalSection
	GlobalSection(SolutionProperties) = preSolution
		HideSolutionNode = FALSE
	EndGlobalSection
EndGlobal
